# This file is automatically @generated by Cargo.
# It is not intended for manual editing.
version = 3

[[package]]
name = "image"
version = "0.0.0"

[[package]]
name = "math"
version = "0.0.0"
dependencies = [
 "utils",
]

[[package]]
name = "runner"
version = "0.0.0"
dependencies = [
 "math",
]

[[package]]
name = "utils"
version = "0.0.0"
